
Microsoft Visual Studio Solution File, Format Version 12.00
# Visual Studio Version 17
VisualStudioVersion = 17.5.002.0
MinimumVisualStudioVersion = 10.0.40219.1
Project("{9A19103F-16F7-4668-BE54-9A1E7A4F7556}") = "ASP", "ASP.csproj", "{78D83534-446F-4528-894B-706C33A8ED40}"
EndProject
Global
	GlobalSection(SolutionConfigurationPlatforms) = preSolution
		Debug|Any CPU = Debug|Any CPU
		Release|Any CPU = Release|Any CPU
	EndGlobalSection
	GlobalSection(ProjectConfigurationPlatforms) = postSolution
		{78D83534-446F-4528-894B-706C33A8ED40}.Debug|Any CPU.ActiveCfg = Debug|Any CPU
		{78D83534-446F-4528-894B-706C33A8ED40}.Debug|Any CPU.Build.0 = Debug|Any CPU
		{78D83534-446F-4528-894B-706C33A8ED40}.Release|Any CPU.ActiveCfg = Release|Any CPU
		{78D83534-446F-4528-894B-706C33A8ED40}.Release|Any CPU.Build.0 = Release|Any CPU
	EndGlobalSection
	GlobalSection(SolutionProperties) = preSolution
		HideSolutionNode = FALSE
	EndGlobalSection
	GlobalSection(ExtensibilityGlobals) = postSolution
		SolutionGuid = {895B7F14-E8BF-4B59-857D-FCF5EFBD368D}
	EndGlobalSection
EndGlobal
